
Microsoft Visual Studio Solution File, Format Version 12.00
# Visual Studio Version 16
VisualStudioVersion = 16.0.31105.61
MinimumVisualStudioVersion = 10.0.40219.1
Project("{FAE04EC0-301F-11D3-BF4B-00C04F79EFBC}") = "APIData", "APIData.csproj", "{3135522C-D868-466D-A2F1-406E895B1E40}"
EndProject
Global
	GlobalSection(SolutionConfigurationPlatforms) = preSolution
		Debug|Any CPU = Debug|Any CPU
		Release|Any CPU = Release|Any CPU
	EndGlobalSection
	GlobalSection(ProjectConfigurationPlatforms) = postSolution
		{3135522C-D868-466D-A2F1-406E895B1E40}.Debug|Any CPU.ActiveCfg = Debug|Any CPU
		{3135522C-D868-466D-A2F1-406E895B1E40}.Debug|Any CPU.Build.0 = Debug|Any CPU
		{3135522C-D868-466D-A2F1-406E895B1E40}.Release|Any CPU.ActiveCfg = Release|Any CPU
		{3135522C-D868-466D-A2F1-406E895B1E40}.Release|Any CPU.Build.0 = Release|Any CPU
	EndGlobalSection
	GlobalSection(SolutionProperties) = preSolution
		HideSolutionNode = FALSE
	EndGlobalSection
	GlobalSection(ExtensibilityGlobals) = postSolution
		SolutionGuid = {237BF832-36DB-4308-9824-EDD070C9ED4D}
	EndGlobalSection
EndGlobal
